
Microsoft Visual Studio Solution File, Format Version 12.00
# Visual Studio Version 17
VisualStudioVersion = 17.7.34031.279
MinimumVisualStudioVersion = 10.0.40219.1
Project("{FAE04EC0-301F-11D3-BF4B-00C04F79EFBC}") = "PelSoftLabsTest", "PelSoftLabsTest.csproj", "{02B0EA6B-BCB8-49D2-A874-23991FA2676A}"
EndProject
Global
	GlobalSection(SolutionConfigurationPlatforms) = preSolution
		Debug|Any CPU = Debug|Any CPU
		Release|Any CPU = Release|Any CPU
	EndGlobalSection
	GlobalSection(ProjectConfigurationPlatforms) = postSolution
		{02B0EA6B-BCB8-49D2-A874-23991FA2676A}.Debug|Any CPU.ActiveCfg = Debug|Any CPU
		{02B0EA6B-BCB8-49D2-A874-23991FA2676A}.Debug|Any CPU.Build.0 = Debug|Any CPU
		{02B0EA6B-BCB8-49D2-A874-23991FA2676A}.Release|Any CPU.ActiveCfg = Release|Any CPU
		{02B0EA6B-BCB8-49D2-A874-23991FA2676A}.Release|Any CPU.Build.0 = Release|Any CPU
	EndGlobalSection
	GlobalSection(SolutionProperties) = preSolution
		HideSolutionNode = FALSE
	EndGlobalSection
	GlobalSection(ExtensibilityGlobals) = postSolution
		SolutionGuid = {6DEE4116-692C-41F2-94C4-6D5235DA87AC}
	EndGlobalSection
EndGlobal
